
Microsoft Visual Studio Solution File, Format Version 12.00
# Visual Studio Version 17
VisualStudioVersion = 17.4.33205.214
MinimumVisualStudioVersion = 10.0.40219.1
Project("{FAE04EC0-301F-11D3-BF4B-00C04F79EFBC}") = "Web Project", "Web Project\Web Project.csproj", "{03230314-3007-4F13-BD88-B227A75F31BD}"
EndProject
Global
	GlobalSection(SolutionConfigurationPlatforms) = preSolution
		Debug|Any CPU = Debug|Any CPU
		Release|Any CPU = Release|Any CPU
	EndGlobalSection
	GlobalSection(ProjectConfigurationPlatforms) = postSolution
		{03230314-3007-4F13-BD88-B227A75F31BD}.Debug|Any CPU.ActiveCfg = Debug|Any CPU
		{03230314-3007-4F13-BD88-B227A75F31BD}.Debug|Any CPU.Build.0 = Debug|Any CPU
		{03230314-3007-4F13-BD88-B227A75F31BD}.Release|Any CPU.ActiveCfg = Release|Any CPU
		{03230314-3007-4F13-BD88-B227A75F31BD}.Release|Any CPU.Build.0 = Release|Any CPU
	EndGlobalSection
	GlobalSection(SolutionProperties) = preSolution
		HideSolutionNode = FALSE
	EndGlobalSection
	GlobalSection(ExtensibilityGlobals) = postSolution
		SolutionGuid = {A63B4917-6904-42DF-90A3-64A17979AD35}
	EndGlobalSection
EndGlobal
